
Microsoft Visual Studio Solution File, Format Version 12.00
# Visual Studio Version 17
VisualStudioVersion = 17.0.31912.275
MinimumVisualStudioVersion = 10.0.40219.1
Project("{9A19103F-16F7-4668-BE54-9A1E7A4F7556}") = "V", "V\V.csproj", "{C9587BAC-A4C3-4405-983D-BBC361D1FCC1}"
EndProject
Project("{9A19103F-16F7-4668-BE54-9A1E7A4F7556}") = "V.UnitTests", "V.UnitTests\V.UnitTests.csproj", "{E7E44A2E-E4C3-4DA6-AE07-DCC49921B441}"
EndProject
Project("{9A19103F-16F7-4668-BE54-9A1E7A4F7556}") = "V.Samples", "V.Samples\V.Samples.csproj", "{399415D2-5AD9-4749-800F-306BA5FA860A}"
EndProject
Project("{FAE04EC0-301F-11D3-BF4B-00C04F79EFBC}") = "V.Benchmarks", "V.Benchmarks\V.Benchmarks.csproj", "{58293BF1-0244-42A2-80AA-4C47BD333F69}"
EndProject
Global
	GlobalSection(SolutionConfigurationPlatforms) = preSolution
		Debug|Any CPU = Debug|Any CPU
		Release|Any CPU = Release|Any CPU
	EndGlobalSection
	GlobalSection(ProjectConfigurationPlatforms) = postSolution
		{C9587BAC-A4C3-4405-983D-BBC361D1FCC1}.Debug|Any CPU.ActiveCfg = Debug|Any CPU
		{C9587BAC-A4C3-4405-983D-BBC361D1FCC1}.Debug|Any CPU.Build.0 = Debug|Any CPU
		{C9587BAC-A4C3-4405-983D-BBC361D1FCC1}.Release|Any CPU.ActiveCfg = Release|Any CPU
		{C9587BAC-A4C3-4405-983D-BBC361D1FCC1}.Release|Any CPU.Build.0 = Release|Any CPU
		{E7E44A2E-E4C3-4DA6-AE07-DCC49921B441}.Debug|Any CPU.ActiveCfg = Debug|Any CPU
		{E7E44A2E-E4C3-4DA6-AE07-DCC49921B441}.Debug|Any CPU.Build.0 = Debug|Any CPU
		{E7E44A2E-E4C3-4DA6-AE07-DCC49921B441}.Release|Any CPU.ActiveCfg = Release|Any CPU
		{E7E44A2E-E4C3-4DA6-AE07-DCC49921B441}.Release|Any CPU.Build.0 = Release|Any CPU
		{399415D2-5AD9-4749-800F-306BA5FA860A}.Debug|Any CPU.ActiveCfg = Debug|Any CPU
		{399415D2-5AD9-4749-800F-306BA5FA860A}.Debug|Any CPU.Build.0 = Debug|Any CPU
		{399415D2-5AD9-4749-800F-306BA5FA860A}.Release|Any CPU.ActiveCfg = Release|Any CPU
		{399415D2-5AD9-4749-800F-306BA5FA860A}.Release|Any CPU.Build.0 = Release|Any CPU
		{58293BF1-0244-42A2-80AA-4C47BD333F69}.Debug|Any CPU.ActiveCfg = Debug|Any CPU
		{58293BF1-0244-42A2-80AA-4C47BD333F69}.Debug|Any CPU.Build.0 = Debug|Any CPU
		{58293BF1-0244-42A2-80AA-4C47BD333F69}.Release|Any CPU.ActiveCfg = Release|Any CPU
		{58293BF1-0244-42A2-80AA-4C47BD333F69}.Release|Any CPU.Build.0 = Release|Any CPU
	EndGlobalSection
	GlobalSection(SolutionProperties) = preSolution
		HideSolutionNode = FALSE
	EndGlobalSection
	GlobalSection(ExtensibilityGlobals) = postSolution
		SolutionGuid = {A5BE55EF-2C9C-4C66-B0B1-4415A9F812E6}
	EndGlobalSection
EndGlobal
